{
  "lockfileVersion": 1,
  "dependencies": {
    "abstract-logging": {
      "version": "2.0.1",
      "resolved": "https://registry.npmjs.org/abstract-logging/-/abstract-logging-2.0.1.tgz",
      "integrity": "sha512-2BjRTZxTPvheOvGbBslFSYOUkr+SjPtOnrLP33f+VIWLzezQpZcqVg7ja3L4dBXmzzgwT+a029jRx5PCi3JuiA=="
    },
    "accepts": {
      "version": "1.0.2",
      "resolved": "https://registry.npmjs.org/accepts/-/accepts-1.0.2.tgz",
      "integrity": "sha512-Xh6Ep4MHKfHswT/oJFBjT0mOQJwncjYV1FoRa10IsdqYWqwqKoevgMHI4wHgqbGd9Wt4VXdDoFOyW6X8wXKKug=="
    },
    "asn1": {
      "version": "0.2.6",
      "resolved": "https://registry.npmjs.org/asn1/-/asn1-0.2.6.tgz",
      "integrity": "sha512-ix/FxPn0MDjeyJ7i/yoHGFt/EX6LyNbxSEhPPXODPL+KB0VPk86UYfL0lMdy+KCnv+fmvIzySwaK5COwqVbWTQ=="
    },
    "assert-plus": {
      "version": "1.0.0",
      "resolved": "https://registry.npmjs.org/assert-plus/-/assert-plus-1.0.0.tgz",
      "integrity": "sha512-NfJ4UzBCcQGLDlQq7nHxH+tv3kyZ0hHQqF5BO6J7tNJeP5do1llPr8dZ8zHonfhAu0PHAdMkSo+8o0wxg9lZWw=="
    },
    "backoff": {
      "version": "2.5.0",
      "resolved": "https://registry.npmjs.org/backoff/-/backoff-2.5.0.tgz",
      "integrity": "sha512-wC5ihrnUXmR2douXmXLCe5O3zg3GKIyvRi/hi58a/XyRxVI+3/yM0PYueQOZXPXQ9pxBislYkw+sF9b7C/RuMA=="
    },
    "basic-auth-connect": {
      "version": "1.0.0",
      "resolved": "https://registry.npmjs.org/basic-auth-connect/-/basic-auth-connect-1.0.0.tgz",
      "integrity": "sha512-kiV+/DTgVro4aZifY/hwRwALBISViL5NP4aReaR2EVJEObpbUBHIkdJh/YpcoEiYt7nBodZ6U2ajZeZvSxUCCg=="
    },
    "batch": {
      "version": "0.5.0",
      "resolved": "https://registry.npmjs.org/batch/-/batch-0.5.0.tgz",
      "integrity": "sha512-avtDJBSxllB5QGphW1OXYF+ujhy/yIGgeFsvK6UiZLU86nWlqsNcZotUKd001wrl9MmZ9QIyVy8WFVEEpRIc5A=="
    },
    "body-parser": {
      "version": "1.3.0",
      "resolved": "https://registry.npmjs.org/body-parser/-/body-parser-1.3.0.tgz",
      "integrity": "sha512-is7gFt5CcTO6f1z1tAYztWNtqBLCBIqYUVjEcwRdOIi7LipX65mAglF4ChMAYBUjrF06v39d9PnPGnwjv3Yg8w=="
    },
    "buffer-crc32": {
      "version": "0.2.1",
      "resolved": "https://registry.npmjs.org/buffer-crc32/-/buffer-crc32-0.2.1.tgz",
      "integrity": "sha512-vMfBIRp/wjlpueSz7Sb0OmO7C5SH58SSmbsT8G4D48YfO/Zgbr29xNXMpZVSC14ujVJfrZZH1Bl+kXYRQPuvfQ=="
    },
    "bytes": {
      "version": "1.0.0",
      "resolved": "https://registry.npmjs.org/bytes/-/bytes-1.0.0.tgz",
      "integrity": "sha512-/x68VkHLeTl3/Ll8IvxdwzhrT+IyKc52e/oyHhA2RwqPqswSnjVbSddfPRwAsJtbilMAPSRWwAlpxdYsSWOTKQ=="
    },
    "compressible": {
      "version": "1.0.1",
      "resolved": "https://registry.npmjs.org/compressible/-/compressible-1.0.1.tgz",
      "integrity": "sha512-9LA1G9Fq6npU5vDktliPFnzGCdtMZxXP2C5tQjzxalPiCNMPw9JIl+KxRtrZ7mnlKLdotNbZo4WI3iLP/7ZVvg=="
    },
    "compression": {
      "version": "1.0.6",
      "resolved": "https://registry.npmjs.org/compression/-/compression-1.0.6.tgz",
      "integrity": "sha512-njfzv+trOPZcFBDyd7XbmJFPh4MtUTgYd2gj5VtLnLrsoxMlsAxB8cSensrHd4SO+e7l8Qo/9T8Dj/KAlotx4g=="
    },
    "connect": {
      "version": "2.19.3",
      "resolved": "https://registry.npmjs.org/connect/-/connect-2.19.3.tgz",
      "integrity": "sha512-6grzupXnVtaxvun/FkHuOQk1Ky57N1B8IKCxm5avqblvux0QxIX1vnIXXf3bZ1EnUzOJnVcQt0C87btpckwVSQ=="
    },
    "connect-timeout": {
      "version": "1.1.0",
      "resolved": "https://registry.npmjs.org/connect-timeout/-/connect-timeout-1.1.0.tgz",
      "integrity": "sha512-8J5tx50FQBnFpLWIkuzpiq0/K+9Q38VtPUJb5cwZ9OcNQwlFsXunfUG/HjQeAKYEwzXBMTYX3vECP3NrltHQSw=="
    },
    "cookie": {
      "version": "0.1.2",
      "resolved": "https://registry.npmjs.org/cookie/-/cookie-0.1.2.tgz",
      "integrity": "sha512-+mHmWbhevLwkiBf7QcbZXHr0v4ZQQ/OgHk3fsQHrsMMiGzuvAmU/YMUR+ZfrO/BLAGIWFfx2Z7Oyso0tZR/wiA=="
    },
    "cookie-parser": {
      "version": "1.1.0",
      "resolved": "https://registry.npmjs.org/cookie-parser/-/cookie-parser-1.1.0.tgz",
      "integrity": "sha512-MsTYnJLvYrlVn2vyjqxYch2KSQVxGmE6j5QouzSMmqS2VEQgrQqelPLqIhaqRKRA3pDaDuZklLhamfwEFFP9BQ=="
    },
    "cookie-signature": {
      "version": "1.0.3",
      "resolved": "https://registry.npmjs.org/cookie-signature/-/cookie-signature-1.0.3.tgz",
      "integrity": "sha512-/KzKzsm0OlguYov01OlOpTkX5MhBKUmfL/KMum7R80rPKheb9AwUzr78TwtBt1OdbnWrt4X+wxbTfcQ3noZqHw=="
    },
    "core-util-is": {
      "version": "1.0.2",
      "resolved": "https://registry.npmjs.org/core-util-is/-/core-util-is-1.0.2.tgz",
      "integrity": "sha512-3lqz5YjWTYnW6dlDa5TLaTCcShfar1e40rmcJVwCBJC6mWlFuj0eCHIElmG1g5kyuJ/GD+8Wn4FFCcz4gJPfaQ=="
    },
    "csurf": {
      "version": "1.2.0",
      "resolved": "https://registry.npmjs.org/csurf/-/csurf-1.2.0.tgz",
      "integrity": "sha512-QvHxtKG0u6OnDmRY+yp/OBBtUlx/ezZMKcReDlKZS0Tn+fdvVQq1oCyqTFyZs6qf2ZuF3JVzdjxeD2teko9dSw=="
    },
    "debug": {
      "version": "0.8.1",
      "resolved": "https://registry.npmjs.org/debug/-/debug-0.8.1.tgz",
      "integrity": "sha512-HlXEJm99YsRjLJ8xmuz0Lq8YUwrv7hAJkTEr6/Em3sUlSUNl0UdFA+1SrY4fnykeq1FVkUEUtwRGHs9VvlYbGA=="
    },
    "errorhandler": {
      "version": "1.0.1",
      "resolved": "https://registry.npmjs.org/errorhandler/-/errorhandler-1.0.1.tgz",
      "integrity": "sha512-6fRjAP0uqcvbBvut6k1AAIV3b3GS3SZuqCwUUCRgVBF82Kz39FbodJx8pHCskf9yXSRvErPohfOaCrpjv+MWgg=="
    },
    "escape-html": {
      "version": "1.0.1",
      "resolved": "https://registry.npmjs.org/escape-html/-/escape-html-1.0.1.tgz",
      "integrity": "sha512-z6kAnok8fqVTra7Yu77dZF2Y6ETJlxH58wN38wNyuNQLm8xXdKnfNrlSmfXsTePWP03rRVUKHubtUwanwUi7+g=="
    },
    "express-session": {
      "version": "1.2.1",
      "resolved": "https://registry.npmjs.org/express-session/-/express-session-1.2.1.tgz",
      "integrity": "sha512-s13UHp8mBqa1dPZaGN86r83AV1UVJor9Z769dJJjgbbIJTJWQVa/FkcTJOPzJhlomfGGdBY/SAX7YJAOGP4ogQ==",
      "dependencies": {
        "uid2": {
          "version": "0.0.3",
          "resolved": "https://registry.npmjs.org/uid2/-/uid2-0.0.3.tgz",
          "integrity": "sha512-5gSP1liv10Gjp8cMEnFd6shzkL/D6W1uhXSFNCxDC+YI8+L8wkCYCbJ7n77Ezb4wE/xzMogecE+DtamEe9PZjg=="
        }
      }
    },
    "extsprintf": {
      "version": "1.4.1",
      "resolved": "https://registry.npmjs.org/extsprintf/-/extsprintf-1.4.1.tgz",
      "integrity": "sha512-Wrk35e8ydCKDj/ArClo1VrPVmN8zph5V4AtHwIuHhvMXsKf73UT3BOD+azBIW+3wOJ4FhEH7zyaJCFvChjYvMA=="
    },
    "finished": {
      "version": "1.1.4",
      "resolved": "https://registry.npmjs.org/finished/-/finished-1.1.4.tgz",
      "integrity": "sha512-4hiY+PUmUih4VORyucRz/9QgDhvHbhRUqKqgYY/Ht+fOyX8Epb5eDTKi5I0VCNrYVrecN7tj00HoNBAWoZ1tPw=="
    },
    "fresh": {
      "version": "0.2.2",
      "resolved": "https://registry.npmjs.org/fresh/-/fresh-0.2.2.tgz",
      "integrity": "sha512-ZGGi8GROK//ijm2gB33sUuN9TjN1tC/dvG4Bt4j6IWrVGpMmudUBCxx+Ir7qePsdREfkpQC4FL8W0jeSOsgv1w=="
    },
    "inherits": {
      "version": "2.0.4",
      "resolved": "https://registry.npmjs.org/inherits/-/inherits-2.0.4.tgz",
      "integrity": "sha512-k/vGaX4/Yla3WzyMCvTQOXYeIHvqOKtnqBduzTHpzpQZzAskKMhZ2K+EnBiSM9zGSoIFeMpXKxa4dYeZIQqewQ=="
    },
    "isarray": {
      "version": "0.0.1",
      "resolved": "https://registry.npmjs.org/isarray/-/isarray-0.0.1.tgz",
      "integrity": "sha512-D2S+3GLxWH+uhrNEcoh/fnmYeP8E8/zHl644d/jdA0g2uyXvy3sb0qxotE+ne0LtccHknQzWwZEzhak7oJ0COQ=="
    },
    "ldap-filter": {
      "version": "0.3.3",
      "resolved": "https://registry.npmjs.org/ldap-filter/-/ldap-filter-0.3.3.tgz",
      "integrity": "sha512-/tFkx5WIn4HuO+6w9lsfxq4FN3O+fDZeO9Mek8dCD8rTUpqzRa766BOBO7BcGkn3X86m5+cBm1/2S/Shzz7gMg=="
    },
    "ldapjs": {
      "version": "2.3.3",
      "resolved": "https://registry.npmjs.org/ldapjs/-/ldapjs-2.3.3.tgz",
      "integrity": "sha512-75QiiLJV/PQqtpH+HGls44dXweviFwQ6SiIK27EqzKQ5jU/7UFrl2E5nLdQ3IYRBzJ/AVFJI66u0MZ0uofKYwg=="
    },
    "method-override": {
      "version": "2.0.1",
      "resolved": "https://registry.npmjs.org/method-override/-/method-override-2.0.1.tgz",
      "integrity": "sha512-J8dkAPwLBnOOo5gMyBrcUgsg2mx5DaTFxgPISeepU7T+icq3Jw3VaexqnEI6qNWvSUMpHuHitXLN4trHkK+b+g=="
    },
    "methods": {
      "version": "1.0.1",
      "resolved": "https://registry.npmjs.org/methods/-/methods-1.0.1.tgz",
      "integrity": "sha512-2403MfnVypWSNIEpmQ26/ObZ5kSUx37E8NHRvriw0+I8Sne7k0HGuLGCk0OrCqURh4UIygD0cSsYq+Ll+kzNqA=="
    },
    "mime": {
      "version": "1.2.11",
      "resolved": "https://registry.npmjs.org/mime/-/mime-1.2.11.tgz",
      "integrity": "sha512-Ysa2F/nqTNGHhhm9MV8ure4+Hc+Y8AWiqUdHxsO7xu8zc92ND9f3kpALHjaP026Ft17UfxrMt95c50PLUeynBw=="
    },
    "morgan": {
      "version": "1.1.1",
      "resolved": "https://registry.npmjs.org/morgan/-/morgan-1.1.1.tgz",
      "integrity": "sha512-Jx1pZHnbZ43TFAeY0NVuLqpeXX0O2aL7todwFModvpjZCGR+vBTKH0wOKQjwK1wgO/cERhFISIf4roSj1fx5Jg=="
    },
    "multiparty": {
      "version": "3.2.8",
      "resolved": "https://registry.npmjs.org/multiparty/-/multiparty-3.2.8.tgz",
      "integrity": "sha512-F+7z2Jzr0OlVpF+XTfQ68CjkRLjMdSHRY+GiQhaAZKeRh48qkz97ds3s29dMFNqz2d/9xEOkofnaCj6YuX21KA=="
    },
    "negotiator": {
      "version": "0.4.5",
      "resolved": "https://registry.npmjs.org/negotiator/-/negotiator-0.4.5.tgz",
      "integrity": "sha512-yk2Y8USphD7Z1/hiP/96RhpwOW37gMDrhHoo9mAHnVhfJqnlu5vUvNX/7FyJwj6kV6MxfLFnhNZGl0XKgL6zNA=="
    },
    "on-headers": {
      "version": "0.0.0",
      "resolved": "https://registry.npmjs.org/on-headers/-/on-headers-0.0.0.tgz",
      "integrity": "sha512-sd6W+EIQTNDbMndkGZqf1q6x3PlMxAIoufoNhcfpvzrXhtN+IWVyM2sjdsZ3p+TVddtTG5u0lujTglZ+R1VGvQ=="
    },
    "once": {
      "version": "1.4.0",
      "resolved": "https://registry.npmjs.org/once/-/once-1.4.0.tgz",
      "integrity": "sha512-lNaJgI+2Q5URQBkccEKHTQOPaXdUxnZZElQTZY0MFUAuaEqe1E+Nyvgdz/aIyNi6Z9MzO5dv1H8n58/GELp3+w=="
    },
    "parseurl": {
      "version": "1.0.1",
      "resolved": "https://registry.npmjs.org/parseurl/-/parseurl-1.0.1.tgz",
      "integrity": "sha512-6W9+0+9Ihayqwjgp4OaLLqZ3KDtqPY2PtUPz8YNiy4PamjJv+7x6J9GO93O9rUZOLgaanTPxsKTasxqKkO1iSw=="
    },
    "pause": {
      "version": "0.0.1",
      "resolved": "https://registry.npmjs.org/pause/-/pause-0.0.1.tgz",
      "integrity": "sha512-KG8UEiEVkR3wGEb4m5yZkVCzigAD+cVEJck2CzYZO37ZGJfctvVptVO192MwrtPhzONn6go8ylnOdMhKqi4nfg=="
    },
    "precond": {
      "version": "0.2.3",
      "resolved": "https://registry.npmjs.org/precond/-/precond-0.2.3.tgz",
      "integrity": "sha512-QCYG84SgGyGzqJ/vlMsxeXd/pgL/I94ixdNFyh1PusWmTCyVfPJjZ1K1jvHtsbfnXQs2TSkEP2fR7QiMZAnKFQ=="
    },
    "qs": {
      "version": "0.6.6",
      "resolved": "https://registry.npmjs.org/qs/-/qs-0.6.6.tgz",
      "integrity": "sha512-kN+yNdAf29Jgp+AYHUmC7X4QdJPR8czuMWLNLc0aRxkQ7tB3vJQEONKKT9ou/rW7EbqVec11srC9q9BiVbcnHA=="
    },
    "range-parser": {
      "version": "1.0.3",
      "resolved": "https://registry.npmjs.org/range-parser/-/range-parser-1.0.3.tgz",
      "integrity": "sha512-nDsRrtIxVUO5opg/A8T2S3ebULVIfuh8ECbh4w3N4mWxIiT3QILDJDUQayPqm2e8Q8NUa0RSUkGCfe33AfjR3Q=="
    },
    "raw-body": {
      "version": "1.1.6",
      "resolved": "https://registry.npmjs.org/raw-body/-/raw-body-1.1.6.tgz",
      "integrity": "sha512-XIfWE1upyzaQJ60xmMIY6/pZl7JFBcT59iE4LnXkLOUP4Q7I2SV4waIlH9Oh0VK67qm1IUMZ94V57g2W7V6RpA=="
    },
    "readable-stream": {
      "version": "1.1.14",
      "resolved": "https://registry.npmjs.org/readable-stream/-/readable-stream-1.1.14.tgz",
      "integrity": "sha512-+MeVjFf4L44XUkhM1eYbD8fyEsxcV81pqMSR5gblfcLCHfZvbrqy4/qYHE+/R5HoBUT11WV5O08Cr1n3YXkWVQ=="
    },
    "response-time": {
      "version": "2.0.0",
      "resolved": "https://registry.npmjs.org/response-time/-/response-time-2.0.0.tgz",
      "integrity": "sha512-1PeD/WjcPWgv4c1Lpfh+whxgOxauMckWZMWBJNVBXg4Sz/MR1bvtA2V0KOr4gYObkp1GW2NyyiNsJkNMtTOt3w=="
    },
    "safer-buffer": {
      "version": "2.1.2",
      "resolved": "https://registry.npmjs.org/safer-buffer/-/safer-buffer-2.1.2.tgz",
      "integrity": "sha512-YZo3K82SD7Riyi0E1EQPojLz7kpepnSQI9IyPbHHg1XXXevb5dJI7tpyN2ADxGcQbHG7vcyRHk0cbwqcQriUtg=="
    },
    "scmp": {
      "version": "0.0.3",
      "resolved": "https://registry.npmjs.org/scmp/-/scmp-0.0.3.tgz",
      "integrity": "sha512-ya4sPuUOfcrJnfC+OUqTFgFVBEMOXMS1Xopn0wwIhxKwD4eveTwJoIUN9u1QHJ47nL29/m545dV8KqI92MlHPw=="
    },
    "send": {
      "version": "0.4.1",
      "resolved": "https://registry.npmjs.org/send/-/send-0.4.1.tgz",
      "integrity": "sha512-+xISm28vKB0WFrKNe2WF3c+/tv3dqRHYMuH6g6jq3ZfcxG9X37n4Dzbb6/bJuEjFSly95VWEwnF6SQgmGzO0hA=="
    },
    "serve-favicon": {
      "version": "2.0.0",
      "resolved": "https://registry.npmjs.org/serve-favicon/-/serve-favicon-2.0.0.tgz",
      "integrity": "sha512-IMDPjPYOuJ+yKM29aOFb25at21/DK0hX4EF5Gd/L0bjKgZmio4h0l+Io+NeKMLMJtotr5zj8qJE8yLhBs7QR1g=="
    },
    "serve-index": {
      "version": "1.1.0",
      "resolved": "https://registry.npmjs.org/serve-index/-/serve-index-1.1.0.tgz",
      "integrity": "sha512-v3e0UspyyjJpZ4FoRh4uje2UksArbFhoeR3GT7PvPAFUnzLSQ1g9q+H3nh2FKLZcweHpcK39uAakkuIpKQiZDg=="
    },
    "serve-static": {
      "version": "1.2.1",
      "resolved": "https://registry.npmjs.org/serve-static/-/serve-static-1.2.1.tgz",
      "integrity": "sha512-RVrNemuggK5mxL31rrJLTVDRFWdRREVLdHsR3nPHA/zxH6Mm/4I595LOBO84PE1YjbC/hTKi3ZqfyXPhBdYjpw=="
    },
    "stream-counter": {
      "version": "0.2.0",
      "resolved": "https://registry.npmjs.org/stream-counter/-/stream-counter-0.2.0.tgz",
      "integrity": "sha512-GjA2zKc2iXUUKRcOxXQmhEx0Ev3XHJ6c8yWGqhQjWwhGrqNwSsvq9YlRLgoGtZ5Kx2Ln94IedaqJ5GUG6aBbxA=="
    },
    "string_decoder": {
      "version": "0.10.31",
      "resolved": "https://registry.npmjs.org/string_decoder/-/string_decoder-0.10.31.tgz",
      "integrity": "sha512-ev2QzSzWPYmy9GuqfIVildA4OdcGLeFZQrq5ys6RtiuF+RQQiZWr8TZNyAcuVXyQRYfEO+MsoB/1BuQVhOJuoQ=="
    },
    "type-is": {
      "version": "1.2.0",
      "resolved": "https://registry.npmjs.org/type-is/-/type-is-1.2.0.tgz",
      "integrity": "sha512-xYm8r1IQeUEVnAL5eaHJ2CYAZy8YJVJ4TDUH13hxJ3bsL9maDnQc9wXhkyqUrY7VfAl/galhFDmynNqE8HnWEg=="
    },
    "uid2": {
      "version": "0.0.4",
      "resolved": "https://registry.npmjs.org/uid2/-/uid2-0.0.4.tgz",
      "integrity": "sha512-IevTus0SbGwQzYh3+fRsAMTVVPOoIVufzacXcHPmdlle1jUpq7BRL+mw3dgeLanvGZdwwbWhRV6XrcFNdBmjWA=="
    },
    "utils-merge": {
      "version": "1.0.0",
      "resolved": "https://registry.npmjs.org/utils-merge/-/utils-merge-1.0.0.tgz",
      "integrity": "sha512-HwU9SLQEtyo+0uoKXd1nkLqigUWLB+QuNQR4OcmB73eWqksM5ovuqcycks2x043W8XVb75rG1HQ0h93TMXkzQQ=="
    },
    "vasync": {
      "version": "2.2.1",
      "resolved": "https://registry.npmjs.org/vasync/-/vasync-2.2.1.tgz",
      "integrity": "sha512-Hq72JaTpcTFdWiNA4Y22Amej2GH3BFmBaKPPlDZ4/oC8HNn2ISHLkFrJU4Ds8R3jcUi7oo5Y9jcMHKjES+N9wQ==",
      "dependencies": {
        "verror": {
          "version": "1.10.0",
          "resolved": "https://registry.npmjs.org/verror/-/verror-1.10.0.tgz",
          "integrity": "sha512-ZZKSmDAEFOijERBLkmYfJ+vmk3w+7hOLYDNkRCuRuMJGEmqYNCNLyBBFwWKVMhfwaEF3WOd0Zlw86U/WC/+nYw=="
        }
      }
    },
    "verror": {
      "version": "1.10.1",
      "resolved": "https://registry.npmjs.org/verror/-/verror-1.10.1.tgz",
      "integrity": "sha512-veufcmxri4e3XSrT0xwfUR7kguIkaxBeosDg00yDWhk49wdwkSUrvvsm7nc75e1PUyvIeZj6nS8VQRYz2/S4Xg=="
    },
    "vhost": {
      "version": "1.0.0",
      "resolved": "https://registry.npmjs.org/vhost/-/vhost-1.0.0.tgz",
      "integrity": "sha512-j5oZxSO2DUNZfdQBZlNrxLAGDg1BEgT7njN73f9XDldKoNzv00zeyhgUY5jR70G6kdTrF0xOzESQnnvaJ/Td4g=="
    },
    "wrappy": {
      "version": "1.0.2",
      "resolved": "https://registry.npmjs.org/wrappy/-/wrappy-1.0.2.tgz",
      "integrity": "sha512-l4Sp/DRseor9wL6EvV2+TuQn63dMkPjZ/sp9XkghTEbV9KlPS1xUsZ3u7/IQO4wxtcFB4bgpQPRcR3QCvezPcQ=="
    }
  }
}
